
Microsoft Visual Studio Solution File, Format Version 12.00
# Visual Studio Version 16
VisualStudioVersion = 16.0.32106.194
MinimumVisualStudioVersion = 10.0.40219.1
Project("{FAE04EC0-301F-11D3-BF4B-00C04F79EFBC}") = "HW1_Part1", "HW1_Part1.csproj", "{502AAD2E-D565-4D07-B04D-0158AB97A5C2}"
EndProject
Project("{FAE04EC0-301F-11D3-BF4B-00C04F79EFBC}") = "HW1_client", "..\HW1_client\HW1_client.csproj", "{A7932364-0CB8-4FBA-8021-A3F663136B0F}"
	ProjectSection(ProjectDependencies) = postProject
		{502AAD2E-D565-4D07-B04D-0158AB97A5C2} = {502AAD2E-D565-4D07-B04D-0158AB97A5C2}
	EndProjectSection
EndProject
Project("{FAE04EC0-301F-11D3-BF4B-00C04F79EFBC}") = "WindowsFormsApp1", "..\WindowsFormsApp1\WindowsFormsApp1.csproj", "{99719E68-76ED-49B7-A681-38945641C0F2}"
	ProjectSection(ProjectDependencies) = postProject
		{502AAD2E-D565-4D07-B04D-0158AB97A5C2} = {502AAD2E-D565-4D07-B04D-0158AB97A5C2}
	EndProjectSection
EndProject
Project("{FAE04EC0-301F-11D3-BF4B-00C04F79EFBC}") = "WebApplication1", "..\WebApplication1\WebApplication1.csproj", "{8E80A44D-7EE4-4D7B-97C3-E9263B184366}"
	ProjectSection(ProjectDependencies) = postProject
		{502AAD2E-D565-4D07-B04D-0158AB97A5C2} = {502AAD2E-D565-4D07-B04D-0158AB97A5C2}
	EndProjectSection
EndProject
Global
	GlobalSection(SolutionConfigurationPlatforms) = preSolution
		Debug|Any CPU = Debug|Any CPU
		Release|Any CPU = Release|Any CPU
	EndGlobalSection
	GlobalSection(ProjectConfigurationPlatforms) = postSolution
		{502AAD2E-D565-4D07-B04D-0158AB97A5C2}.Debug|Any CPU.ActiveCfg = Debug|Any CPU
		{502AAD2E-D565-4D07-B04D-0158AB97A5C2}.Debug|Any CPU.Build.0 = Debug|Any CPU
		{502AAD2E-D565-4D07-B04D-0158AB97A5C2}.Release|Any CPU.ActiveCfg = Release|Any CPU
		{502AAD2E-D565-4D07-B04D-0158AB97A5C2}.Release|Any CPU.Build.0 = Release|Any CPU
		{A7932364-0CB8-4FBA-8021-A3F663136B0F}.Debug|Any CPU.ActiveCfg = Debug|Any CPU
		{A7932364-0CB8-4FBA-8021-A3F663136B0F}.Debug|Any CPU.Build.0 = Debug|Any CPU
		{A7932364-0CB8-4FBA-8021-A3F663136B0F}.Release|Any CPU.ActiveCfg = Release|Any CPU
		{A7932364-0CB8-4FBA-8021-A3F663136B0F}.Release|Any CPU.Build.0 = Release|Any CPU
		{99719E68-76ED-49B7-A681-38945641C0F2}.Debug|Any CPU.ActiveCfg = Debug|Any CPU
		{99719E68-76ED-49B7-A681-38945641C0F2}.Debug|Any CPU.Build.0 = Debug|Any CPU
		{99719E68-76ED-49B7-A681-38945641C0F2}.Release|Any CPU.ActiveCfg = Release|Any CPU
		{99719E68-76ED-49B7-A681-38945641C0F2}.Release|Any CPU.Build.0 = Release|Any CPU
		{8E80A44D-7EE4-4D7B-97C3-E9263B184366}.Debug|Any CPU.ActiveCfg = Debug|Any CPU
		{8E80A44D-7EE4-4D7B-97C3-E9263B184366}.Debug|Any CPU.Build.0 = Debug|Any CPU
		{8E80A44D-7EE4-4D7B-97C3-E9263B184366}.Release|Any CPU.ActiveCfg = Release|Any CPU
		{8E80A44D-7EE4-4D7B-97C3-E9263B184366}.Release|Any CPU.Build.0 = Release|Any CPU
	EndGlobalSection
	GlobalSection(SolutionProperties) = preSolution
		HideSolutionNode = FALSE
	EndGlobalSection
	GlobalSection(ExtensibilityGlobals) = postSolution
		SolutionGuid = {92B923E7-CB8B-4387-A91A-E439B7E5892E}
	EndGlobalSection
EndGlobal
