
Microsoft Visual Studio Solution File, Format Version 12.00
# Visual Studio Version 16
VisualStudioVersion = 16.0.32106.194
MinimumVisualStudioVersion = 10.0.40219.1
Project("{FAE04EC0-301F-11D3-BF4B-00C04F79EFBC}") = "LectureActivity1", "LectureActivity1.csproj", "{E0C9557A-9220-4A75-B60A-FDA215D39856}"
EndProject
Global
	GlobalSection(SolutionConfigurationPlatforms) = preSolution
		Debug|Any CPU = Debug|Any CPU
		Release|Any CPU = Release|Any CPU
	EndGlobalSection
	GlobalSection(ProjectConfigurationPlatforms) = postSolution
		{E0C9557A-9220-4A75-B60A-FDA215D39856}.Debug|Any CPU.ActiveCfg = Debug|Any CPU
		{E0C9557A-9220-4A75-B60A-FDA215D39856}.Debug|Any CPU.Build.0 = Debug|Any CPU
		{E0C9557A-9220-4A75-B60A-FDA215D39856}.Release|Any CPU.ActiveCfg = Release|Any CPU
		{E0C9557A-9220-4A75-B60A-FDA215D39856}.Release|Any CPU.Build.0 = Release|Any CPU
	EndGlobalSection
	GlobalSection(SolutionProperties) = preSolution
		HideSolutionNode = FALSE
	EndGlobalSection
	GlobalSection(ExtensibilityGlobals) = postSolution
		SolutionGuid = {52805BB9-33BF-4C05-93EB-62C2AC37C4A9}
	EndGlobalSection
EndGlobal
