
Microsoft Visual Studio Solution File, Format Version 12.00
# Visual Studio Version 16
VisualStudioVersion = 16.0.32106.194
MinimumVisualStudioVersion = 10.0.40219.1
Project("{E24C65DC-7377-472B-9ABA-BC803B73C61A}") = "WCF_Rest", "WCF_Rest\", "{1B62EA7E-8D42-45E3-AEFB-15B677FE38B7}"
	ProjectSection(WebsiteProperties) = preProject
		TargetFrameworkMoniker = ".NETFramework,Version%3Dv4.7.2"
		Debug.AspNetCompiler.VirtualPath = "/localhost_61198"
		Debug.AspNetCompiler.PhysicalPath = "WCF_Rest\"
		Debug.AspNetCompiler.TargetPath = "PrecompiledWeb\localhost_61198\"
		Debug.AspNetCompiler.Updateable = "true"
		Debug.AspNetCompiler.ForceOverwrite = "true"
		Debug.AspNetCompiler.FixedNames = "false"
		Debug.AspNetCompiler.Debug = "True"
		Release.AspNetCompiler.VirtualPath = "/localhost_61198"
		Release.AspNetCompiler.PhysicalPath = "WCF_Rest\"
		Release.AspNetCompiler.TargetPath = "PrecompiledWeb\localhost_61198\"
		Release.AspNetCompiler.Updateable = "true"
		Release.AspNetCompiler.ForceOverwrite = "true"
		Release.AspNetCompiler.FixedNames = "false"
		Release.AspNetCompiler.Debug = "False"
		VWDPort = "61198"
		SlnRelativePath = "WCF_Rest\"
		DefaultWebSiteLanguage = "Visual C#"
	EndProjectSection
EndProject
Global
	GlobalSection(SolutionConfigurationPlatforms) = preSolution
		Debug|Any CPU = Debug|Any CPU
		Release|Any CPU = Release|Any CPU
	EndGlobalSection
	GlobalSection(ProjectConfigurationPlatforms) = postSolution
		{1B62EA7E-8D42-45E3-AEFB-15B677FE38B7}.Debug|Any CPU.ActiveCfg = Debug|Any CPU
		{1B62EA7E-8D42-45E3-AEFB-15B677FE38B7}.Debug|Any CPU.Build.0 = Debug|Any CPU
		{1B62EA7E-8D42-45E3-AEFB-15B677FE38B7}.Release|Any CPU.ActiveCfg = Debug|Any CPU
		{1B62EA7E-8D42-45E3-AEFB-15B677FE38B7}.Release|Any CPU.Build.0 = Debug|Any CPU
	EndGlobalSection
	GlobalSection(SolutionProperties) = preSolution
		HideSolutionNode = FALSE
	EndGlobalSection
	GlobalSection(ExtensibilityGlobals) = postSolution
		SolutionGuid = {93469110-70C4-4ECC-80BE-26C0BD351C41}
	EndGlobalSection
EndGlobal
