
Microsoft Visual Studio Solution File, Format Version 12.00
# Visual Studio Version 16
VisualStudioVersion = 16.0.32106.194
MinimumVisualStudioVersion = 10.0.40219.1
Project("{FAE04EC0-301F-11D3-BF4B-00C04F79EFBC}") = "LectureActivity4", "LectureActivity4.csproj", "{BCAABC63-DF0F-4C0E-8567-BCEB8A8F9838}"
EndProject
Global
	GlobalSection(SolutionConfigurationPlatforms) = preSolution
		Debug|Any CPU = Debug|Any CPU
		Release|Any CPU = Release|Any CPU
	EndGlobalSection
	GlobalSection(ProjectConfigurationPlatforms) = postSolution
		{BCAABC63-DF0F-4C0E-8567-BCEB8A8F9838}.Debug|Any CPU.ActiveCfg = Debug|Any CPU
		{BCAABC63-DF0F-4C0E-8567-BCEB8A8F9838}.Debug|Any CPU.Build.0 = Debug|Any CPU
		{BCAABC63-DF0F-4C0E-8567-BCEB8A8F9838}.Release|Any CPU.ActiveCfg = Release|Any CPU
		{BCAABC63-DF0F-4C0E-8567-BCEB8A8F9838}.Release|Any CPU.Build.0 = Release|Any CPU
	EndGlobalSection
	GlobalSection(SolutionProperties) = preSolution
		HideSolutionNode = FALSE
	EndGlobalSection
	GlobalSection(ExtensibilityGlobals) = postSolution
		SolutionGuid = {25ABA488-0B60-4B36-9E8A-B2A4B0A4B876}
	EndGlobalSection
EndGlobal
